
Microsoft Visual Studio Solution File, Format Version 12.00
# Visual Studio Version 16
VisualStudioVersion = 16.0.31424.327
MinimumVisualStudioVersion = 10.0.40219.1
Project("{9A19103F-16F7-4668-BE54-9A1E7A4F7556}") = "SwitchCaseEgzersizi", "SwitchCaseEgzersizi.csproj", "{22A12EC2-B887-4BD7-80D5-182ECBD140F8}"
EndProject
Global
	GlobalSection(SolutionConfigurationPlatforms) = preSolution
		Debug|Any CPU = Debug|Any CPU
		Release|Any CPU = Release|Any CPU
	EndGlobalSection
	GlobalSection(ProjectConfigurationPlatforms) = postSolution
		{22A12EC2-B887-4BD7-80D5-182ECBD140F8}.Debug|Any CPU.ActiveCfg = Debug|Any CPU
		{22A12EC2-B887-4BD7-80D5-182ECBD140F8}.Debug|Any CPU.Build.0 = Debug|Any CPU
		{22A12EC2-B887-4BD7-80D5-182ECBD140F8}.Release|Any CPU.ActiveCfg = Release|Any CPU
		{22A12EC2-B887-4BD7-80D5-182ECBD140F8}.Release|Any CPU.Build.0 = Release|Any CPU
	EndGlobalSection
	GlobalSection(SolutionProperties) = preSolution
		HideSolutionNode = FALSE
	EndGlobalSection
	GlobalSection(ExtensibilityGlobals) = postSolution
		SolutionGuid = {17BC624C-E06F-4030-B42D-8B47861565E0}
	EndGlobalSection
EndGlobal
